
Microsoft Visual Studio Solution File, Format Version 12.00
# Visual Studio 14
VisualStudioVersion = 14.0.24720.0
MinimumVisualStudioVersion = 10.0.40219.1
Project("{8BC9CEB8-8B4A-11D0-8D11-00A0C91BC942}") = "Algorithms", "Algorithms\Algorithms.vcxproj", "{B1CD7ABF-2F2F-4923-B892-ADEC0E635FCE}"
EndProject
Project("{8BC9CEB8-8B4A-11D0-8D11-00A0C91BC942}") = "Elevator", "Elevator\Elevator.vcxproj", "{A8AB8CFB-2875-4607-BD51-5306916D8074}"
EndProject
Project("{8BC9CEB8-8B4A-11D0-8D11-00A0C91BC942}") = "CakeDelivery", "CakeDelivery\CakeDelivery.vcxproj", "{017685E5-2638-47EC-B8C3-AE56C6BBEABB}"
EndProject
Project("{8BC9CEB8-8B4A-11D0-8D11-00A0C91BC942}") = "RepaintChessTable", "RepaintChessTable\RepaintChessTable.vcxproj", "{D38138C1-D0D0-4E26-B71A-205EF035BF1F}"
EndProject
Project("{8BC9CEB8-8B4A-11D0-8D11-00A0C91BC942}") = "MafiaGame", "MafiaGame\MafiaGame.vcxproj", "{1CF82B29-7773-4437-9A61-847FBAC8F745}"
EndProject
Project("{8BC9CEB8-8B4A-11D0-8D11-00A0C91BC942}") = "MafiaGameSol", "MafiaGameSol\MafiaGameSol.vcxproj", "{8111812B-B5AA-4C28-B88E-3996DC005833}"
EndProject
Project("{8BC9CEB8-8B4A-11D0-8D11-00A0C91BC942}") = "SecretEmail", "SecretEmail\SecretEmail.vcxproj", "{92ACC1E5-9424-4584-B841-A6FC6C50CF12}"
EndProject
Global
	GlobalSection(SolutionConfigurationPlatforms) = preSolution
		Debug|x64 = Debug|x64
		Debug|x86 = Debug|x86
		Release|x64 = Release|x64
		Release|x86 = Release|x86
	EndGlobalSection
	GlobalSection(ProjectConfigurationPlatforms) = postSolution
		{B1CD7ABF-2F2F-4923-B892-ADEC0E635FCE}.Debug|x64.ActiveCfg = Debug|x64
		{B1CD7ABF-2F2F-4923-B892-ADEC0E635FCE}.Debug|x64.Build.0 = Debug|x64
		{B1CD7ABF-2F2F-4923-B892-ADEC0E635FCE}.Debug|x86.ActiveCfg = Debug|Win32
		{B1CD7ABF-2F2F-4923-B892-ADEC0E635FCE}.Debug|x86.Build.0 = Debug|Win32
		{B1CD7ABF-2F2F-4923-B892-ADEC0E635FCE}.Release|x64.ActiveCfg = Release|x64
		{B1CD7ABF-2F2F-4923-B892-ADEC0E635FCE}.Release|x64.Build.0 = Release|x64
		{B1CD7ABF-2F2F-4923-B892-ADEC0E635FCE}.Release|x86.ActiveCfg = Release|Win32
		{B1CD7ABF-2F2F-4923-B892-ADEC0E635FCE}.Release|x86.Build.0 = Release|Win32
		{A8AB8CFB-2875-4607-BD51-5306916D8074}.Debug|x64.ActiveCfg = Debug|x64
		{A8AB8CFB-2875-4607-BD51-5306916D8074}.Debug|x64.Build.0 = Debug|x64
		{A8AB8CFB-2875-4607-BD51-5306916D8074}.Debug|x86.ActiveCfg = Debug|Win32
		{A8AB8CFB-2875-4607-BD51-5306916D8074}.Debug|x86.Build.0 = Debug|Win32
		{A8AB8CFB-2875-4607-BD51-5306916D8074}.Release|x64.ActiveCfg = Release|x64
		{A8AB8CFB-2875-4607-BD51-5306916D8074}.Release|x64.Build.0 = Release|x64
		{A8AB8CFB-2875-4607-BD51-5306916D8074}.Release|x86.ActiveCfg = Release|Win32
		{A8AB8CFB-2875-4607-BD51-5306916D8074}.Release|x86.Build.0 = Release|Win32
		{017685E5-2638-47EC-B8C3-AE56C6BBEABB}.Debug|x64.ActiveCfg = Debug|x64
		{017685E5-2638-47EC-B8C3-AE56C6BBEABB}.Debug|x64.Build.0 = Debug|x64
		{017685E5-2638-47EC-B8C3-AE56C6BBEABB}.Debug|x86.ActiveCfg = Debug|Win32
		{017685E5-2638-47EC-B8C3-AE56C6BBEABB}.Debug|x86.Build.0 = Debug|Win32
		{017685E5-2638-47EC-B8C3-AE56C6BBEABB}.Release|x64.ActiveCfg = Release|x64
		{017685E5-2638-47EC-B8C3-AE56C6BBEABB}.Release|x64.Build.0 = Release|x64
		{017685E5-2638-47EC-B8C3-AE56C6BBEABB}.Release|x86.ActiveCfg = Release|Win32
		{017685E5-2638-47EC-B8C3-AE56C6BBEABB}.Release|x86.Build.0 = Release|Win32
		{D38138C1-D0D0-4E26-B71A-205EF035BF1F}.Debug|x64.ActiveCfg = Debug|x64
		{D38138C1-D0D0-4E26-B71A-205EF035BF1F}.Debug|x64.Build.0 = Debug|x64
		{D38138C1-D0D0-4E26-B71A-205EF035BF1F}.Debug|x86.ActiveCfg = Debug|Win32
		{D38138C1-D0D0-4E26-B71A-205EF035BF1F}.Debug|x86.Build.0 = Debug|Win32
		{D38138C1-D0D0-4E26-B71A-205EF035BF1F}.Release|x64.ActiveCfg = Release|x64
		{D38138C1-D0D0-4E26-B71A-205EF035BF1F}.Release|x64.Build.0 = Release|x64
		{D38138C1-D0D0-4E26-B71A-205EF035BF1F}.Release|x86.ActiveCfg = Release|Win32
		{D38138C1-D0D0-4E26-B71A-205EF035BF1F}.Release|x86.Build.0 = Release|Win32
		{1CF82B29-7773-4437-9A61-847FBAC8F745}.Debug|x64.ActiveCfg = Debug|x64
		{1CF82B29-7773-4437-9A61-847FBAC8F745}.Debug|x64.Build.0 = Debug|x64
		{1CF82B29-7773-4437-9A61-847FBAC8F745}.Debug|x86.ActiveCfg = Debug|Win32
		{1CF82B29-7773-4437-9A61-847FBAC8F745}.Debug|x86.Build.0 = Debug|Win32
		{1CF82B29-7773-4437-9A61-847FBAC8F745}.Release|x64.ActiveCfg = Release|x64
		{1CF82B29-7773-4437-9A61-847FBAC8F745}.Release|x64.Build.0 = Release|x64
		{1CF82B29-7773-4437-9A61-847FBAC8F745}.Release|x86.ActiveCfg = Release|Win32
		{1CF82B29-7773-4437-9A61-847FBAC8F745}.Release|x86.Build.0 = Release|Win32
		{8111812B-B5AA-4C28-B88E-3996DC005833}.Debug|x64.ActiveCfg = Debug|x64
		{8111812B-B5AA-4C28-B88E-3996DC005833}.Debug|x64.Build.0 = Debug|x64
		{8111812B-B5AA-4C28-B88E-3996DC005833}.Debug|x86.ActiveCfg = Debug|Win32
		{8111812B-B5AA-4C28-B88E-3996DC005833}.Debug|x86.Build.0 = Debug|Win32
		{8111812B-B5AA-4C28-B88E-3996DC005833}.Release|x64.ActiveCfg = Release|x64
		{8111812B-B5AA-4C28-B88E-3996DC005833}.Release|x64.Build.0 = Release|x64
		{8111812B-B5AA-4C28-B88E-3996DC005833}.Release|x86.ActiveCfg = Release|Win32
		{8111812B-B5AA-4C28-B88E-3996DC005833}.Release|x86.Build.0 = Release|Win32
		{92ACC1E5-9424-4584-B841-A6FC6C50CF12}.Debug|x64.ActiveCfg = Debug|x64
		{92ACC1E5-9424-4584-B841-A6FC6C50CF12}.Debug|x64.Build.0 = Debug|x64
		{92ACC1E5-9424-4584-B841-A6FC6C50CF12}.Debug|x86.ActiveCfg = Debug|Win32
		{92ACC1E5-9424-4584-B841-A6FC6C50CF12}.Debug|x86.Build.0 = Debug|Win32
		{92ACC1E5-9424-4584-B841-A6FC6C50CF12}.Release|x64.ActiveCfg = Release|x64
		{92ACC1E5-9424-4584-B841-A6FC6C50CF12}.Release|x64.Build.0 = Release|x64
		{92ACC1E5-9424-4584-B841-A6FC6C50CF12}.Release|x86.ActiveCfg = Release|Win32
		{92ACC1E5-9424-4584-B841-A6FC6C50CF12}.Release|x86.Build.0 = Release|Win32
	EndGlobalSection
	GlobalSection(SolutionProperties) = preSolution
		HideSolutionNode = FALSE
	EndGlobalSection
EndGlobal
