
Microsoft Visual Studio Solution File, Format Version 12.00
# Visual Studio 14
VisualStudioVersion = 14.0.24720.0
MinimumVisualStudioVersion = 10.0.40219.1
Project("{8BC9CEB8-8B4A-11D0-8D11-00A0C91BC942}") = "Algorithms", "Algorithms\Algorithms.vcxproj", "{B1CD7ABF-2F2F-4923-B892-ADEC0E635FCE}"
EndProject
Project("{8BC9CEB8-8B4A-11D0-8D11-00A0C91BC942}") = "Elevator", "Elevator\Elevator.vcxproj", "{A8AB8CFB-2875-4607-BD51-5306916D8074}"
EndProject
Project("{8BC9CEB8-8B4A-11D0-8D11-00A0C91BC942}") = "CakeDelivery", "CakeDelivery\CakeDelivery.vcxproj", "{017685E5-2638-47EC-B8C3-AE56C6BBEABB}"
EndProject
Project("{8BC9CEB8-8B4A-11D0-8D11-00A0C91BC942}") = "RepaintChessTable", "RepaintChessTable\RepaintChessTable.vcxproj", "{D38138C1-D0D0-4E26-B71A-205EF035BF1F}"
EndProject
Project("{8BC9CEB8-8B4A-11D0-8D11-00A0C91BC942}") = "MafiaGame", "MafiaGame\MafiaGame.vcxproj", "{1CF82B29-7773-4437-9A61-847FBAC8F745}"
EndProject
Project("{8BC9CEB8-8B4A-11D0-8D11-00A0C91BC942}") = "MafiaGameSol", "MafiaGameSol\MafiaGameSol.vcxproj", "{8111812B-B5AA-4C28-B88E-3996DC005833}"
EndProject
Project("{8BC9CEB8-8B4A-11D0-8D11-00A0C91BC942}") = "SecretEmail", "SecretEmail\SecretEmail.vcxproj", "{92ACC1E5-9424-4584-B841-A6FC6C50CF12}"
EndProject
Project("{8BC9CEB8-8B4A-11D0-8D11-00A0C91BC942}") = "StepsWithMaxScores", "StepsWithMaxScores\StepsWithMaxScores.vcxproj", "{5DC687E5-069E-426E-8CBD-CDAB14E8893C}"
EndProject
Project("{8BC9CEB8-8B4A-11D0-8D11-00A0C91BC942}") = "FlashMove", "FlashMove\FlashMove.vcxproj", "{17BF5F68-FE0F-4353-84DE-F3D45F4C88B0}"
EndProject
Project("{8BC9CEB8-8B4A-11D0-8D11-00A0C91BC942}") = "SafetRegion", "SafetRegion\SafetRegion.vcxproj", "{E7E449CE-FB5D-4699-AC7C-E9BAB167973A}"
EndProject
Project("{8BC9CEB8-8B4A-11D0-8D11-00A0C91BC942}") = "Findlol", "Findlol\Findlol.vcxproj", "{7CAA7C09-40C7-4941-9BED-EFE3790A8AA6}"
EndProject
Project("{8BC9CEB8-8B4A-11D0-8D11-00A0C91BC942}") = "DistributedProcess", "DistributedProcess\DistributedProcess.vcxproj", "{7172B0D5-275C-4D1C-B001-75F7E78BBEFD}"
EndProject
Project("{8BC9CEB8-8B4A-11D0-8D11-00A0C91BC942}") = "HanoiMoveSequence", "HanoiMoveSequence\HanoiMoveSequence.vcxproj", "{5F3197AC-3D13-4099-92B2-553C3F0355D5}"
EndProject
Project("{8BC9CEB8-8B4A-11D0-8D11-00A0C91BC942}") = "StringExplosion", "StringExplosion\StringExplosion.vcxproj", "{530FD832-A729-4EB8-AD84-FBF68732D66A}"
EndProject
Project("{8BC9CEB8-8B4A-11D0-8D11-00A0C91BC942}") = "Probability1", "Probability1\Probability1.vcxproj", "{1A47B0BE-3E94-45A5-9195-F1C302CCB391}"
EndProject
Project("{8BC9CEB8-8B4A-11D0-8D11-00A0C91BC942}") = "Dominos", "Dominos\Dominos.vcxproj", "{7ED73215-6F62-498B-873D-0436CAB7334D}"
EndProject
Project("{8BC9CEB8-8B4A-11D0-8D11-00A0C91BC942}") = "Parenthesis", "Parenthesis\Parenthesis.vcxproj", "{4E94B60A-1537-40D8-8247-140149E3380A}"
EndProject
Project("{8BC9CEB8-8B4A-11D0-8D11-00A0C91BC942}") = "Editor", "Editor\Editor.vcxproj", "{AF0EF39F-6F98-48E8-856A-31D29C2E954F}"
EndProject
Project("{8BC9CEB8-8B4A-11D0-8D11-00A0C91BC942}") = "DFSandBFS", "DFSandBFS\DFSandBFS.vcxproj", "{811A9F80-498A-4290-99E7-87045781FA13}"
EndProject
Project("{8BC9CEB8-8B4A-11D0-8D11-00A0C91BC942}") = "BipartiteGraph", "BipartiteGraph\BipartiteGraph.vcxproj", "{3C1A18E6-3BE6-4D3A-9A39-28F32D8B90AB}"
EndProject
Project("{8BC9CEB8-8B4A-11D0-8D11-00A0C91BC942}") = "MergeSort", "MergeSort\MergeSort.vcxproj", "{AFF84CFD-C77A-4A0A-A931-3C73F09F1E90}"
EndProject
Project("{8BC9CEB8-8B4A-11D0-8D11-00A0C91BC942}") = "MakeBridge_2146", "MakeBridge_2146\MakeBridge_2146.vcxproj", "{513422CF-2612-4887-9D8C-F76C36402E1C}"
EndProject
Project("{8BC9CEB8-8B4A-11D0-8D11-00A0C91BC942}") = "NumberingDanji", "NumberingDanji\NumberingDanji.vcxproj", "{8DE551D3-134F-437E-BD83-DC338B8FAFCB}"
EndProject
Project("{8BC9CEB8-8B4A-11D0-8D11-00A0C91BC942}") = "RemoteControl", "RemoteControl\RemoteControl.vcxproj", "{BF89E592-2C46-42F0-9F92-D7070F1EAC40}"
EndProject
Project("{8BC9CEB8-8B4A-11D0-8D11-00A0C91BC942}") = "PinaryNumber", "PinaryNumber\PinaryNumber.vcxproj", "{0946E65C-3432-4B23-AA62-C9C6B8EF2F76}"
EndProject
Project("{8BC9CEB8-8B4A-11D0-8D11-00A0C91BC942}") = "Sticker_9465", "Sticker_9465\Sticker_9465.vcxproj", "{5D9F6654-CD6D-46B6-8CC7-F2DF45A00857}"
EndProject
Project("{8BC9CEB8-8B4A-11D0-8D11-00A0C91BC942}") = "Wine_2156", "Wine_2156\Wine_2156.vcxproj", "{2DEEA350-4C95-4A57-9B52-6FB835C4889D}"
EndProject
Project("{8BC9CEB8-8B4A-11D0-8D11-00A0C91BC942}") = "LongestSequenceNum", "LongestSequenceNum\LongestSequenceNum.vcxproj", "{34DCF8C4-0ADC-46C3-B4A3-4F9957D98C99}"
EndProject
Global
	GlobalSection(SolutionConfigurationPlatforms) = preSolution
		Debug|x64 = Debug|x64
		Debug|x86 = Debug|x86
		Release|x64 = Release|x64
		Release|x86 = Release|x86
	EndGlobalSection
	GlobalSection(ProjectConfigurationPlatforms) = postSolution
		{B1CD7ABF-2F2F-4923-B892-ADEC0E635FCE}.Debug|x64.ActiveCfg = Debug|x64
		{B1CD7ABF-2F2F-4923-B892-ADEC0E635FCE}.Debug|x64.Build.0 = Debug|x64
		{B1CD7ABF-2F2F-4923-B892-ADEC0E635FCE}.Debug|x86.ActiveCfg = Debug|Win32
		{B1CD7ABF-2F2F-4923-B892-ADEC0E635FCE}.Debug|x86.Build.0 = Debug|Win32
		{B1CD7ABF-2F2F-4923-B892-ADEC0E635FCE}.Release|x64.ActiveCfg = Release|x64
		{B1CD7ABF-2F2F-4923-B892-ADEC0E635FCE}.Release|x64.Build.0 = Release|x64
		{B1CD7ABF-2F2F-4923-B892-ADEC0E635FCE}.Release|x86.ActiveCfg = Release|Win32
		{B1CD7ABF-2F2F-4923-B892-ADEC0E635FCE}.Release|x86.Build.0 = Release|Win32
		{A8AB8CFB-2875-4607-BD51-5306916D8074}.Debug|x64.ActiveCfg = Debug|x64
		{A8AB8CFB-2875-4607-BD51-5306916D8074}.Debug|x64.Build.0 = Debug|x64
		{A8AB8CFB-2875-4607-BD51-5306916D8074}.Debug|x86.ActiveCfg = Debug|Win32
		{A8AB8CFB-2875-4607-BD51-5306916D8074}.Debug|x86.Build.0 = Debug|Win32
		{A8AB8CFB-2875-4607-BD51-5306916D8074}.Release|x64.ActiveCfg = Release|x64
		{A8AB8CFB-2875-4607-BD51-5306916D8074}.Release|x64.Build.0 = Release|x64
		{A8AB8CFB-2875-4607-BD51-5306916D8074}.Release|x86.ActiveCfg = Release|Win32
		{A8AB8CFB-2875-4607-BD51-5306916D8074}.Release|x86.Build.0 = Release|Win32
		{017685E5-2638-47EC-B8C3-AE56C6BBEABB}.Debug|x64.ActiveCfg = Debug|x64
		{017685E5-2638-47EC-B8C3-AE56C6BBEABB}.Debug|x64.Build.0 = Debug|x64
		{017685E5-2638-47EC-B8C3-AE56C6BBEABB}.Debug|x86.ActiveCfg = Debug|Win32
		{017685E5-2638-47EC-B8C3-AE56C6BBEABB}.Debug|x86.Build.0 = Debug|Win32
		{017685E5-2638-47EC-B8C3-AE56C6BBEABB}.Release|x64.ActiveCfg = Release|x64
		{017685E5-2638-47EC-B8C3-AE56C6BBEABB}.Release|x64.Build.0 = Release|x64
		{017685E5-2638-47EC-B8C3-AE56C6BBEABB}.Release|x86.ActiveCfg = Release|Win32
		{017685E5-2638-47EC-B8C3-AE56C6BBEABB}.Release|x86.Build.0 = Release|Win32
		{D38138C1-D0D0-4E26-B71A-205EF035BF1F}.Debug|x64.ActiveCfg = Debug|x64
		{D38138C1-D0D0-4E26-B71A-205EF035BF1F}.Debug|x64.Build.0 = Debug|x64
		{D38138C1-D0D0-4E26-B71A-205EF035BF1F}.Debug|x86.ActiveCfg = Debug|Win32
		{D38138C1-D0D0-4E26-B71A-205EF035BF1F}.Debug|x86.Build.0 = Debug|Win32
		{D38138C1-D0D0-4E26-B71A-205EF035BF1F}.Release|x64.ActiveCfg = Release|x64
		{D38138C1-D0D0-4E26-B71A-205EF035BF1F}.Release|x64.Build.0 = Release|x64
		{D38138C1-D0D0-4E26-B71A-205EF035BF1F}.Release|x86.ActiveCfg = Release|Win32
		{D38138C1-D0D0-4E26-B71A-205EF035BF1F}.Release|x86.Build.0 = Release|Win32
		{1CF82B29-7773-4437-9A61-847FBAC8F745}.Debug|x64.ActiveCfg = Debug|x64
		{1CF82B29-7773-4437-9A61-847FBAC8F745}.Debug|x64.Build.0 = Debug|x64
		{1CF82B29-7773-4437-9A61-847FBAC8F745}.Debug|x86.ActiveCfg = Debug|Win32
		{1CF82B29-7773-4437-9A61-847FBAC8F745}.Debug|x86.Build.0 = Debug|Win32
		{1CF82B29-7773-4437-9A61-847FBAC8F745}.Release|x64.ActiveCfg = Release|x64
		{1CF82B29-7773-4437-9A61-847FBAC8F745}.Release|x64.Build.0 = Release|x64
		{1CF82B29-7773-4437-9A61-847FBAC8F745}.Release|x86.ActiveCfg = Release|Win32
		{1CF82B29-7773-4437-9A61-847FBAC8F745}.Release|x86.Build.0 = Release|Win32
		{8111812B-B5AA-4C28-B88E-3996DC005833}.Debug|x64.ActiveCfg = Debug|x64
		{8111812B-B5AA-4C28-B88E-3996DC005833}.Debug|x64.Build.0 = Debug|x64
		{8111812B-B5AA-4C28-B88E-3996DC005833}.Debug|x86.ActiveCfg = Debug|Win32
		{8111812B-B5AA-4C28-B88E-3996DC005833}.Debug|x86.Build.0 = Debug|Win32
		{8111812B-B5AA-4C28-B88E-3996DC005833}.Release|x64.ActiveCfg = Release|x64
		{8111812B-B5AA-4C28-B88E-3996DC005833}.Release|x64.Build.0 = Release|x64
		{8111812B-B5AA-4C28-B88E-3996DC005833}.Release|x86.ActiveCfg = Release|Win32
		{8111812B-B5AA-4C28-B88E-3996DC005833}.Release|x86.Build.0 = Release|Win32
		{92ACC1E5-9424-4584-B841-A6FC6C50CF12}.Debug|x64.ActiveCfg = Debug|x64
		{92ACC1E5-9424-4584-B841-A6FC6C50CF12}.Debug|x64.Build.0 = Debug|x64
		{92ACC1E5-9424-4584-B841-A6FC6C50CF12}.Debug|x86.ActiveCfg = Debug|Win32
		{92ACC1E5-9424-4584-B841-A6FC6C50CF12}.Debug|x86.Build.0 = Debug|Win32
		{92ACC1E5-9424-4584-B841-A6FC6C50CF12}.Release|x64.ActiveCfg = Release|x64
		{92ACC1E5-9424-4584-B841-A6FC6C50CF12}.Release|x64.Build.0 = Release|x64
		{92ACC1E5-9424-4584-B841-A6FC6C50CF12}.Release|x86.ActiveCfg = Release|Win32
		{92ACC1E5-9424-4584-B841-A6FC6C50CF12}.Release|x86.Build.0 = Release|Win32
		{5DC687E5-069E-426E-8CBD-CDAB14E8893C}.Debug|x64.ActiveCfg = Debug|x64
		{5DC687E5-069E-426E-8CBD-CDAB14E8893C}.Debug|x64.Build.0 = Debug|x64
		{5DC687E5-069E-426E-8CBD-CDAB14E8893C}.Debug|x86.ActiveCfg = Debug|Win32
		{5DC687E5-069E-426E-8CBD-CDAB14E8893C}.Debug|x86.Build.0 = Debug|Win32
		{5DC687E5-069E-426E-8CBD-CDAB14E8893C}.Release|x64.ActiveCfg = Release|x64
		{5DC687E5-069E-426E-8CBD-CDAB14E8893C}.Release|x64.Build.0 = Release|x64
		{5DC687E5-069E-426E-8CBD-CDAB14E8893C}.Release|x86.ActiveCfg = Release|Win32
		{5DC687E5-069E-426E-8CBD-CDAB14E8893C}.Release|x86.Build.0 = Release|Win32
		{17BF5F68-FE0F-4353-84DE-F3D45F4C88B0}.Debug|x64.ActiveCfg = Debug|x64
		{17BF5F68-FE0F-4353-84DE-F3D45F4C88B0}.Debug|x64.Build.0 = Debug|x64
		{17BF5F68-FE0F-4353-84DE-F3D45F4C88B0}.Debug|x86.ActiveCfg = Debug|Win32
		{17BF5F68-FE0F-4353-84DE-F3D45F4C88B0}.Debug|x86.Build.0 = Debug|Win32
		{17BF5F68-FE0F-4353-84DE-F3D45F4C88B0}.Release|x64.ActiveCfg = Release|x64
		{17BF5F68-FE0F-4353-84DE-F3D45F4C88B0}.Release|x64.Build.0 = Release|x64
		{17BF5F68-FE0F-4353-84DE-F3D45F4C88B0}.Release|x86.ActiveCfg = Release|Win32
		{17BF5F68-FE0F-4353-84DE-F3D45F4C88B0}.Release|x86.Build.0 = Release|Win32
		{E7E449CE-FB5D-4699-AC7C-E9BAB167973A}.Debug|x64.ActiveCfg = Debug|x64
		{E7E449CE-FB5D-4699-AC7C-E9BAB167973A}.Debug|x64.Build.0 = Debug|x64
		{E7E449CE-FB5D-4699-AC7C-E9BAB167973A}.Debug|x86.ActiveCfg = Debug|Win32
		{E7E449CE-FB5D-4699-AC7C-E9BAB167973A}.Debug|x86.Build.0 = Debug|Win32
		{E7E449CE-FB5D-4699-AC7C-E9BAB167973A}.Release|x64.ActiveCfg = Release|x64
		{E7E449CE-FB5D-4699-AC7C-E9BAB167973A}.Release|x64.Build.0 = Release|x64
		{E7E449CE-FB5D-4699-AC7C-E9BAB167973A}.Release|x86.ActiveCfg = Release|Win32
		{E7E449CE-FB5D-4699-AC7C-E9BAB167973A}.Release|x86.Build.0 = Release|Win32
		{7CAA7C09-40C7-4941-9BED-EFE3790A8AA6}.Debug|x64.ActiveCfg = Debug|x64
		{7CAA7C09-40C7-4941-9BED-EFE3790A8AA6}.Debug|x64.Build.0 = Debug|x64
		{7CAA7C09-40C7-4941-9BED-EFE3790A8AA6}.Debug|x86.ActiveCfg = Debug|Win32
		{7CAA7C09-40C7-4941-9BED-EFE3790A8AA6}.Debug|x86.Build.0 = Debug|Win32
		{7CAA7C09-40C7-4941-9BED-EFE3790A8AA6}.Release|x64.ActiveCfg = Release|x64
		{7CAA7C09-40C7-4941-9BED-EFE3790A8AA6}.Release|x64.Build.0 = Release|x64
		{7CAA7C09-40C7-4941-9BED-EFE3790A8AA6}.Release|x86.ActiveCfg = Release|Win32
		{7CAA7C09-40C7-4941-9BED-EFE3790A8AA6}.Release|x86.Build.0 = Release|Win32
		{7172B0D5-275C-4D1C-B001-75F7E78BBEFD}.Debug|x64.ActiveCfg = Debug|x64
		{7172B0D5-275C-4D1C-B001-75F7E78BBEFD}.Debug|x64.Build.0 = Debug|x64
		{7172B0D5-275C-4D1C-B001-75F7E78BBEFD}.Debug|x86.ActiveCfg = Debug|Win32
		{7172B0D5-275C-4D1C-B001-75F7E78BBEFD}.Debug|x86.Build.0 = Debug|Win32
		{7172B0D5-275C-4D1C-B001-75F7E78BBEFD}.Release|x64.ActiveCfg = Release|x64
		{7172B0D5-275C-4D1C-B001-75F7E78BBEFD}.Release|x64.Build.0 = Release|x64
		{7172B0D5-275C-4D1C-B001-75F7E78BBEFD}.Release|x86.ActiveCfg = Release|Win32
		{7172B0D5-275C-4D1C-B001-75F7E78BBEFD}.Release|x86.Build.0 = Release|Win32
		{5F3197AC-3D13-4099-92B2-553C3F0355D5}.Debug|x64.ActiveCfg = Debug|x64
		{5F3197AC-3D13-4099-92B2-553C3F0355D5}.Debug|x64.Build.0 = Debug|x64
		{5F3197AC-3D13-4099-92B2-553C3F0355D5}.Debug|x86.ActiveCfg = Debug|Win32
		{5F3197AC-3D13-4099-92B2-553C3F0355D5}.Debug|x86.Build.0 = Debug|Win32
		{5F3197AC-3D13-4099-92B2-553C3F0355D5}.Release|x64.ActiveCfg = Release|x64
		{5F3197AC-3D13-4099-92B2-553C3F0355D5}.Release|x64.Build.0 = Release|x64
		{5F3197AC-3D13-4099-92B2-553C3F0355D5}.Release|x86.ActiveCfg = Release|Win32
		{5F3197AC-3D13-4099-92B2-553C3F0355D5}.Release|x86.Build.0 = Release|Win32
		{530FD832-A729-4EB8-AD84-FBF68732D66A}.Debug|x64.ActiveCfg = Debug|x64
		{530FD832-A729-4EB8-AD84-FBF68732D66A}.Debug|x64.Build.0 = Debug|x64
		{530FD832-A729-4EB8-AD84-FBF68732D66A}.Debug|x86.ActiveCfg = Debug|Win32
		{530FD832-A729-4EB8-AD84-FBF68732D66A}.Debug|x86.Build.0 = Debug|Win32
		{530FD832-A729-4EB8-AD84-FBF68732D66A}.Release|x64.ActiveCfg = Release|x64
		{530FD832-A729-4EB8-AD84-FBF68732D66A}.Release|x64.Build.0 = Release|x64
		{530FD832-A729-4EB8-AD84-FBF68732D66A}.Release|x86.ActiveCfg = Release|Win32
		{530FD832-A729-4EB8-AD84-FBF68732D66A}.Release|x86.Build.0 = Release|Win32
		{1A47B0BE-3E94-45A5-9195-F1C302CCB391}.Debug|x64.ActiveCfg = Debug|x64
		{1A47B0BE-3E94-45A5-9195-F1C302CCB391}.Debug|x64.Build.0 = Debug|x64
		{1A47B0BE-3E94-45A5-9195-F1C302CCB391}.Debug|x86.ActiveCfg = Debug|Win32
		{1A47B0BE-3E94-45A5-9195-F1C302CCB391}.Debug|x86.Build.0 = Debug|Win32
		{1A47B0BE-3E94-45A5-9195-F1C302CCB391}.Release|x64.ActiveCfg = Release|x64
		{1A47B0BE-3E94-45A5-9195-F1C302CCB391}.Release|x64.Build.0 = Release|x64
		{1A47B0BE-3E94-45A5-9195-F1C302CCB391}.Release|x86.ActiveCfg = Release|Win32
		{1A47B0BE-3E94-45A5-9195-F1C302CCB391}.Release|x86.Build.0 = Release|Win32
		{7ED73215-6F62-498B-873D-0436CAB7334D}.Debug|x64.ActiveCfg = Debug|x64
		{7ED73215-6F62-498B-873D-0436CAB7334D}.Debug|x64.Build.0 = Debug|x64
		{7ED73215-6F62-498B-873D-0436CAB7334D}.Debug|x86.ActiveCfg = Debug|Win32
		{7ED73215-6F62-498B-873D-0436CAB7334D}.Debug|x86.Build.0 = Debug|Win32
		{7ED73215-6F62-498B-873D-0436CAB7334D}.Release|x64.ActiveCfg = Release|x64
		{7ED73215-6F62-498B-873D-0436CAB7334D}.Release|x64.Build.0 = Release|x64
		{7ED73215-6F62-498B-873D-0436CAB7334D}.Release|x86.ActiveCfg = Release|Win32
		{7ED73215-6F62-498B-873D-0436CAB7334D}.Release|x86.Build.0 = Release|Win32
		{4E94B60A-1537-40D8-8247-140149E3380A}.Debug|x64.ActiveCfg = Debug|x64
		{4E94B60A-1537-40D8-8247-140149E3380A}.Debug|x64.Build.0 = Debug|x64
		{4E94B60A-1537-40D8-8247-140149E3380A}.Debug|x86.ActiveCfg = Debug|Win32
		{4E94B60A-1537-40D8-8247-140149E3380A}.Debug|x86.Build.0 = Debug|Win32
		{4E94B60A-1537-40D8-8247-140149E3380A}.Release|x64.ActiveCfg = Release|x64
		{4E94B60A-1537-40D8-8247-140149E3380A}.Release|x64.Build.0 = Release|x64
		{4E94B60A-1537-40D8-8247-140149E3380A}.Release|x86.ActiveCfg = Release|Win32
		{4E94B60A-1537-40D8-8247-140149E3380A}.Release|x86.Build.0 = Release|Win32
		{AF0EF39F-6F98-48E8-856A-31D29C2E954F}.Debug|x64.ActiveCfg = Debug|x64
		{AF0EF39F-6F98-48E8-856A-31D29C2E954F}.Debug|x64.Build.0 = Debug|x64
		{AF0EF39F-6F98-48E8-856A-31D29C2E954F}.Debug|x86.ActiveCfg = Debug|Win32
		{AF0EF39F-6F98-48E8-856A-31D29C2E954F}.Debug|x86.Build.0 = Debug|Win32
		{AF0EF39F-6F98-48E8-856A-31D29C2E954F}.Release|x64.ActiveCfg = Release|x64
		{AF0EF39F-6F98-48E8-856A-31D29C2E954F}.Release|x64.Build.0 = Release|x64
		{AF0EF39F-6F98-48E8-856A-31D29C2E954F}.Release|x86.ActiveCfg = Release|Win32
		{AF0EF39F-6F98-48E8-856A-31D29C2E954F}.Release|x86.Build.0 = Release|Win32
		{811A9F80-498A-4290-99E7-87045781FA13}.Debug|x64.ActiveCfg = Debug|x64
		{811A9F80-498A-4290-99E7-87045781FA13}.Debug|x64.Build.0 = Debug|x64
		{811A9F80-498A-4290-99E7-87045781FA13}.Debug|x86.ActiveCfg = Debug|Win32
		{811A9F80-498A-4290-99E7-87045781FA13}.Debug|x86.Build.0 = Debug|Win32
		{811A9F80-498A-4290-99E7-87045781FA13}.Release|x64.ActiveCfg = Release|x64
		{811A9F80-498A-4290-99E7-87045781FA13}.Release|x64.Build.0 = Release|x64
		{811A9F80-498A-4290-99E7-87045781FA13}.Release|x86.ActiveCfg = Release|Win32
		{811A9F80-498A-4290-99E7-87045781FA13}.Release|x86.Build.0 = Release|Win32
		{3C1A18E6-3BE6-4D3A-9A39-28F32D8B90AB}.Debug|x64.ActiveCfg = Debug|x64
		{3C1A18E6-3BE6-4D3A-9A39-28F32D8B90AB}.Debug|x64.Build.0 = Debug|x64
		{3C1A18E6-3BE6-4D3A-9A39-28F32D8B90AB}.Debug|x86.ActiveCfg = Debug|Win32
		{3C1A18E6-3BE6-4D3A-9A39-28F32D8B90AB}.Debug|x86.Build.0 = Debug|Win32
		{3C1A18E6-3BE6-4D3A-9A39-28F32D8B90AB}.Release|x64.ActiveCfg = Release|x64
		{3C1A18E6-3BE6-4D3A-9A39-28F32D8B90AB}.Release|x64.Build.0 = Release|x64
		{3C1A18E6-3BE6-4D3A-9A39-28F32D8B90AB}.Release|x86.ActiveCfg = Release|Win32
		{3C1A18E6-3BE6-4D3A-9A39-28F32D8B90AB}.Release|x86.Build.0 = Release|Win32
		{AFF84CFD-C77A-4A0A-A931-3C73F09F1E90}.Debug|x64.ActiveCfg = Debug|x64
		{AFF84CFD-C77A-4A0A-A931-3C73F09F1E90}.Debug|x64.Build.0 = Debug|x64
		{AFF84CFD-C77A-4A0A-A931-3C73F09F1E90}.Debug|x86.ActiveCfg = Debug|Win32
		{AFF84CFD-C77A-4A0A-A931-3C73F09F1E90}.Debug|x86.Build.0 = Debug|Win32
		{AFF84CFD-C77A-4A0A-A931-3C73F09F1E90}.Release|x64.ActiveCfg = Release|x64
		{AFF84CFD-C77A-4A0A-A931-3C73F09F1E90}.Release|x64.Build.0 = Release|x64
		{AFF84CFD-C77A-4A0A-A931-3C73F09F1E90}.Release|x86.ActiveCfg = Release|Win32
		{AFF84CFD-C77A-4A0A-A931-3C73F09F1E90}.Release|x86.Build.0 = Release|Win32
		{513422CF-2612-4887-9D8C-F76C36402E1C}.Debug|x64.ActiveCfg = Debug|x64
		{513422CF-2612-4887-9D8C-F76C36402E1C}.Debug|x64.Build.0 = Debug|x64
		{513422CF-2612-4887-9D8C-F76C36402E1C}.Debug|x86.ActiveCfg = Debug|Win32
		{513422CF-2612-4887-9D8C-F76C36402E1C}.Debug|x86.Build.0 = Debug|Win32
		{513422CF-2612-4887-9D8C-F76C36402E1C}.Release|x64.ActiveCfg = Release|x64
		{513422CF-2612-4887-9D8C-F76C36402E1C}.Release|x64.Build.0 = Release|x64
		{513422CF-2612-4887-9D8C-F76C36402E1C}.Release|x86.ActiveCfg = Release|Win32
		{513422CF-2612-4887-9D8C-F76C36402E1C}.Release|x86.Build.0 = Release|Win32
		{8DE551D3-134F-437E-BD83-DC338B8FAFCB}.Debug|x64.ActiveCfg = Debug|x64
		{8DE551D3-134F-437E-BD83-DC338B8FAFCB}.Debug|x64.Build.0 = Debug|x64
		{8DE551D3-134F-437E-BD83-DC338B8FAFCB}.Debug|x86.ActiveCfg = Debug|Win32
		{8DE551D3-134F-437E-BD83-DC338B8FAFCB}.Debug|x86.Build.0 = Debug|Win32
		{8DE551D3-134F-437E-BD83-DC338B8FAFCB}.Release|x64.ActiveCfg = Release|x64
		{8DE551D3-134F-437E-BD83-DC338B8FAFCB}.Release|x64.Build.0 = Release|x64
		{8DE551D3-134F-437E-BD83-DC338B8FAFCB}.Release|x86.ActiveCfg = Release|Win32
		{8DE551D3-134F-437E-BD83-DC338B8FAFCB}.Release|x86.Build.0 = Release|Win32
		{BF89E592-2C46-42F0-9F92-D7070F1EAC40}.Debug|x64.ActiveCfg = Debug|x64
		{BF89E592-2C46-42F0-9F92-D7070F1EAC40}.Debug|x64.Build.0 = Debug|x64
		{BF89E592-2C46-42F0-9F92-D7070F1EAC40}.Debug|x86.ActiveCfg = Debug|Win32
		{BF89E592-2C46-42F0-9F92-D7070F1EAC40}.Debug|x86.Build.0 = Debug|Win32
		{BF89E592-2C46-42F0-9F92-D7070F1EAC40}.Release|x64.ActiveCfg = Release|x64
		{BF89E592-2C46-42F0-9F92-D7070F1EAC40}.Release|x64.Build.0 = Release|x64
		{BF89E592-2C46-42F0-9F92-D7070F1EAC40}.Release|x86.ActiveCfg = Release|Win32
		{BF89E592-2C46-42F0-9F92-D7070F1EAC40}.Release|x86.Build.0 = Release|Win32
		{0946E65C-3432-4B23-AA62-C9C6B8EF2F76}.Debug|x64.ActiveCfg = Debug|x64
		{0946E65C-3432-4B23-AA62-C9C6B8EF2F76}.Debug|x64.Build.0 = Debug|x64
		{0946E65C-3432-4B23-AA62-C9C6B8EF2F76}.Debug|x86.ActiveCfg = Debug|Win32
		{0946E65C-3432-4B23-AA62-C9C6B8EF2F76}.Debug|x86.Build.0 = Debug|Win32
		{0946E65C-3432-4B23-AA62-C9C6B8EF2F76}.Release|x64.ActiveCfg = Release|x64
		{0946E65C-3432-4B23-AA62-C9C6B8EF2F76}.Release|x64.Build.0 = Release|x64
		{0946E65C-3432-4B23-AA62-C9C6B8EF2F76}.Release|x86.ActiveCfg = Release|Win32
		{0946E65C-3432-4B23-AA62-C9C6B8EF2F76}.Release|x86.Build.0 = Release|Win32
		{5D9F6654-CD6D-46B6-8CC7-F2DF45A00857}.Debug|x64.ActiveCfg = Debug|x64
		{5D9F6654-CD6D-46B6-8CC7-F2DF45A00857}.Debug|x64.Build.0 = Debug|x64
		{5D9F6654-CD6D-46B6-8CC7-F2DF45A00857}.Debug|x86.ActiveCfg = Debug|Win32
		{5D9F6654-CD6D-46B6-8CC7-F2DF45A00857}.Debug|x86.Build.0 = Debug|Win32
		{5D9F6654-CD6D-46B6-8CC7-F2DF45A00857}.Release|x64.ActiveCfg = Release|x64
		{5D9F6654-CD6D-46B6-8CC7-F2DF45A00857}.Release|x64.Build.0 = Release|x64
		{5D9F6654-CD6D-46B6-8CC7-F2DF45A00857}.Release|x86.ActiveCfg = Release|Win32
		{5D9F6654-CD6D-46B6-8CC7-F2DF45A00857}.Release|x86.Build.0 = Release|Win32
		{2DEEA350-4C95-4A57-9B52-6FB835C4889D}.Debug|x64.ActiveCfg = Debug|x64
		{2DEEA350-4C95-4A57-9B52-6FB835C4889D}.Debug|x64.Build.0 = Debug|x64
		{2DEEA350-4C95-4A57-9B52-6FB835C4889D}.Debug|x86.ActiveCfg = Debug|Win32
		{2DEEA350-4C95-4A57-9B52-6FB835C4889D}.Debug|x86.Build.0 = Debug|Win32
		{2DEEA350-4C95-4A57-9B52-6FB835C4889D}.Release|x64.ActiveCfg = Release|x64
		{2DEEA350-4C95-4A57-9B52-6FB835C4889D}.Release|x64.Build.0 = Release|x64
		{2DEEA350-4C95-4A57-9B52-6FB835C4889D}.Release|x86.ActiveCfg = Release|Win32
		{2DEEA350-4C95-4A57-9B52-6FB835C4889D}.Release|x86.Build.0 = Release|Win32
		{34DCF8C4-0ADC-46C3-B4A3-4F9957D98C99}.Debug|x64.ActiveCfg = Debug|x64
		{34DCF8C4-0ADC-46C3-B4A3-4F9957D98C99}.Debug|x64.Build.0 = Debug|x64
		{34DCF8C4-0ADC-46C3-B4A3-4F9957D98C99}.Debug|x86.ActiveCfg = Debug|Win32
		{34DCF8C4-0ADC-46C3-B4A3-4F9957D98C99}.Debug|x86.Build.0 = Debug|Win32
		{34DCF8C4-0ADC-46C3-B4A3-4F9957D98C99}.Release|x64.ActiveCfg = Release|x64
		{34DCF8C4-0ADC-46C3-B4A3-4F9957D98C99}.Release|x64.Build.0 = Release|x64
		{34DCF8C4-0ADC-46C3-B4A3-4F9957D98C99}.Release|x86.ActiveCfg = Release|Win32
		{34DCF8C4-0ADC-46C3-B4A3-4F9957D98C99}.Release|x86.Build.0 = Release|Win32
	EndGlobalSection
	GlobalSection(SolutionProperties) = preSolution
		HideSolutionNode = FALSE
	EndGlobalSection
EndGlobal
